
Microsoft Visual Studio Solution File, Format Version 12.00
# Visual Studio Version 16
VisualStudioVersion = 16.0.31702.278
MinimumVisualStudioVersion = 10.0.40219.1
Project("{FAE04EC0-301F-11D3-BF4B-00C04F79EFBC}") = "Ejercicio_Int", "Ejercicio_Int\Ejercicio_Int.csproj", "{F8A6971B-23AF-40ED-AEE9-84725F472F28}"
EndProject
Project("{FAE04EC0-301F-11D3-BF4B-00C04F79EFBC}") = "CalculoPerimetro", "CalculoPerimetro\CalculoPerimetro.csproj", "{0C30AC49-D51C-41BA-8EEA-8BF2A17655EB}"
EndProject
Project("{FAE04EC0-301F-11D3-BF4B-00C04F79EFBC}") = "Ejercicio_String", "Ejercicio_String\Ejercicio_String.csproj", "{09DEFA4B-6CDF-43E5-83AB-95C7BADCEB9F}"
EndProject
Global
	GlobalSection(SolutionConfigurationPlatforms) = preSolution
		Debug|Any CPU = Debug|Any CPU
		Release|Any CPU = Release|Any CPU
	EndGlobalSection
	GlobalSection(ProjectConfigurationPlatforms) = postSolution
		{F8A6971B-23AF-40ED-AEE9-84725F472F28}.Debug|Any CPU.ActiveCfg = Debug|Any CPU
		{F8A6971B-23AF-40ED-AEE9-84725F472F28}.Debug|Any CPU.Build.0 = Debug|Any CPU
		{F8A6971B-23AF-40ED-AEE9-84725F472F28}.Release|Any CPU.ActiveCfg = Release|Any CPU
		{F8A6971B-23AF-40ED-AEE9-84725F472F28}.Release|Any CPU.Build.0 = Release|Any CPU
		{0C30AC49-D51C-41BA-8EEA-8BF2A17655EB}.Debug|Any CPU.ActiveCfg = Debug|Any CPU
		{0C30AC49-D51C-41BA-8EEA-8BF2A17655EB}.Debug|Any CPU.Build.0 = Debug|Any CPU
		{0C30AC49-D51C-41BA-8EEA-8BF2A17655EB}.Release|Any CPU.ActiveCfg = Release|Any CPU
		{0C30AC49-D51C-41BA-8EEA-8BF2A17655EB}.Release|Any CPU.Build.0 = Release|Any CPU
		{09DEFA4B-6CDF-43E5-83AB-95C7BADCEB9F}.Debug|Any CPU.ActiveCfg = Debug|Any CPU
		{09DEFA4B-6CDF-43E5-83AB-95C7BADCEB9F}.Debug|Any CPU.Build.0 = Debug|Any CPU
		{09DEFA4B-6CDF-43E5-83AB-95C7BADCEB9F}.Release|Any CPU.ActiveCfg = Release|Any CPU
		{09DEFA4B-6CDF-43E5-83AB-95C7BADCEB9F}.Release|Any CPU.Build.0 = Release|Any CPU
	EndGlobalSection
	GlobalSection(SolutionProperties) = preSolution
		HideSolutionNode = FALSE
	EndGlobalSection
	GlobalSection(ExtensibilityGlobals) = postSolution
		SolutionGuid = {9D3AE447-A862-41A3-9723-533C3F586A3D}
	EndGlobalSection
EndGlobal
